
Microsoft Visual Studio Solution File, Format Version 12.00
# Visual Studio Version 17
VisualStudioVersion = 17.3.32929.385
MinimumVisualStudioVersion = 10.0.40219.1
Project("{FAE04EC0-301F-11D3-BF4B-00C04F79EFBC}") = "COMP231_Group2", "COMP231_Group2.csproj", "{41A5A2E3-A1C6-47CC-A0E3-BFBEF0D9570B}"
EndProject
Global
	GlobalSection(SolutionConfigurationPlatforms) = preSolution
		Debug|Any CPU = Debug|Any CPU
		Release|Any CPU = Release|Any CPU
	EndGlobalSection
	GlobalSection(ProjectConfigurationPlatforms) = postSolution
		{41A5A2E3-A1C6-47CC-A0E3-BFBEF0D9570B}.Debug|Any CPU.ActiveCfg = Debug|Any CPU
		{41A5A2E3-A1C6-47CC-A0E3-BFBEF0D9570B}.Debug|Any CPU.Build.0 = Debug|Any CPU
		{41A5A2E3-A1C6-47CC-A0E3-BFBEF0D9570B}.Release|Any CPU.ActiveCfg = Release|Any CPU
		{41A5A2E3-A1C6-47CC-A0E3-BFBEF0D9570B}.Release|Any CPU.Build.0 = Release|Any CPU
	EndGlobalSection
	GlobalSection(SolutionProperties) = preSolution
		HideSolutionNode = FALSE
	EndGlobalSection
	GlobalSection(ExtensibilityGlobals) = postSolution
		SolutionGuid = {22442A07-2B57-490F-830E-1CB22D37623C}
	EndGlobalSection
EndGlobal
